// !$*UTF8*$!
{
	archiveVersion = 1;
	classes = {
	};
	objectVersion = 55;
	objects = {

/* Begin PBXBuildFile section */
		FA07DE58277F8811008AB0EA /* HealthStoreProvider.swift in Sources */ = {isa = PBXBuildFile; fileRef = FA07DE57277F8811008AB0EA /* HealthStoreProvider.swift */; };
		FA07DE5A277F88C9008AB0EA /* HealthStoreProvider+Testing.swift in Sources */ = {isa = PBXBuildFile; fileRef = FA07DE59277F88C9008AB0EA /* HealthStoreProvider+Testing.swift */; };
		FA2A0D8E27778015006BDA49 /* Symptoms WatchKit App.app in Embed Watch Content */ = {isa = PBXBuildFile; fileRef = FA2A0D8D27778015006BDA49 /* Symptoms WatchKit App.app */; settings = {ATTRIBUTES = (RemoveHeadersOnCopy, ); }; };
		FA2A0D9327778016006BDA49 /* Assets.xcassets in Resources */ = {isa = PBXBuildFile; fileRef = FA2A0D9227778016006BDA49 /* Assets.xcassets */; };
		FA2A0D9927778016006BDA49 /* Symptoms WatchKit Extension.appex in Embed App Extensions */ = {isa = PBXBuildFile; fileRef = FA2A0D9827778016006BDA49 /* Symptoms WatchKit Extension.appex */; settings = {ATTRIBUTES = (RemoveHeadersOnCopy, ); }; };
		FA2A0D9E27778016006BDA49 /* ContentView.swift in Sources */ = {isa = PBXBuildFile; fileRef = FA2A0D9D27778016006BDA49 /* ContentView.swift */; };
		FA2A0DA027778016006BDA49 /* SymptomsApp.swift in Sources */ = {isa = PBXBuildFile; fileRef = FA2A0D9F27778016006BDA49 /* SymptomsApp.swift */; };
		FA2A0DA427778016006BDA49 /* Assets.xcassets in Resources */ = {isa = PBXBuildFile; fileRef = FA2A0DA327778016006BDA49 /* Assets.xcassets */; };
		FA2A0DA727778016006BDA49 /* Preview Assets.xcassets in Resources */ = {isa = PBXBuildFile; fileRef = FA2A0DA627778016006BDA49 /* Preview Assets.xcassets */; };
		FA2A0DB92777B04C006BDA49 /* HealthKit.framework in Frameworks */ = {isa = PBXBuildFile; fileRef = FA2A0DB82777B04C006BDA49 /* HealthKit.framework */; };
		FA2A0DBB2777BB86006BDA49 /* CategoryPair.swift in Sources */ = {isa = PBXBuildFile; fileRef = FA2A0DBA2777BB86006BDA49 /* CategoryPair.swift */; };
		FA2A0DD22777F2EC006BDA49 /* HKCategoryType+Localization.swift in Sources */ = {isa = PBXBuildFile; fileRef = FA2A0DD12777F2EC006BDA49 /* HKCategoryType+Localization.swift */; };
		FA2A0DD42777F3A7006BDA49 /* HKCategoryValues+Localization.swift in Sources */ = {isa = PBXBuildFile; fileRef = FA2A0DD32777F3A7006BDA49 /* HKCategoryValues+Localization.swift */; };
		FA2A0DD62778E1F5006BDA49 /* HealthService.swift in Sources */ = {isa = PBXBuildFile; fileRef = FA2A0DD52778E1F5006BDA49 /* HealthService.swift */; };
		FA2A0DD92778E3F5006BDA49 /* CategoryEntry.swift in Sources */ = {isa = PBXBuildFile; fileRef = FA2A0DD82778E3F5006BDA49 /* CategoryEntry.swift */; };
		FA2A0DE1277A9F80006BDA49 /* AppDelegate.swift in Sources */ = {isa = PBXBuildFile; fileRef = FA2A0DE0277A9F80006BDA49 /* AppDelegate.swift */; };
		FA2A0DE5277A9F80006BDA49 /* ViewController.swift in Sources */ = {isa = PBXBuildFile; fileRef = FA2A0DE4277A9F80006BDA49 /* ViewController.swift */; };
		FA2A0DE8277A9F80006BDA49 /* Main.storyboard in Resources */ = {isa = PBXBuildFile; fileRef = FA2A0DE6277A9F80006BDA49 /* Main.storyboard */; };
		FA2A0DEA277A9F81006BDA49 /* Assets.xcassets in Resources */ = {isa = PBXBuildFile; fileRef = FA2A0DE9277A9F81006BDA49 /* Assets.xcassets */; };
		FA2A0DED277A9F81006BDA49 /* LaunchScreen.storyboard in Resources */ = {isa = PBXBuildFile; fileRef = FA2A0DEB277A9F81006BDA49 /* LaunchScreen.storyboard */; };
/* End PBXBuildFile section */

/* Begin PBXContainerItemProxy section */
		FA2A0D8F27778015006BDA49 /* PBXContainerItemProxy */ = {
			isa = PBXContainerItemProxy;
			containerPortal = FA2A0D8327778015006BDA49 /* Project object */;
			proxyType = 1;
			remoteGlobalIDString = FA2A0D8C27778015006BDA49;
			remoteInfo = "Symptoms WatchKit App";
		};
		FA2A0D9A27778016006BDA49 /* PBXContainerItemProxy */ = {
			isa = PBXContainerItemProxy;
			containerPortal = FA2A0D8327778015006BDA49 /* Project object */;
			proxyType = 1;
			remoteGlobalIDString = FA2A0D9727778016006BDA49;
			remoteInfo = "Symptoms WatchKit Extension";
		};
/* End PBXContainerItemProxy section */

/* Begin PBXCopyFilesBuildPhase section */
		FA2A0DAE27778016006BDA49 /* Embed App Extensions */ = {
			isa = PBXCopyFilesBuildPhase;
			buildActionMask = 2147483647;
			dstPath = "";
			dstSubfolderSpec = 13;
			files = (
				FA2A0D9927778016006BDA49 /* Symptoms WatchKit Extension.appex in Embed App Extensions */,
			);
			name = "Embed App Extensions";
			runOnlyForDeploymentPostprocessing = 0;
		};
		FA2A0DB227778016006BDA49 /* Embed Watch Content */ = {
			isa = PBXCopyFilesBuildPhase;
			buildActionMask = 2147483647;
			dstPath = "$(CONTENTS_FOLDER_PATH)/Watch";
			dstSubfolderSpec = 16;
			files = (
				FA2A0D8E27778015006BDA49 /* Symptoms WatchKit App.app in Embed Watch Content */,
			);
			name = "Embed Watch Content";
			runOnlyForDeploymentPostprocessing = 0;
		};
/* End PBXCopyFilesBuildPhase section */

/* Begin PBXFileReference section */
		FA07DE57277F8811008AB0EA /* HealthStoreProvider.swift */ = {isa = PBXFileReference; lastKnownFileType = sourcecode.swift; path = HealthStoreProvider.swift; sourceTree = "<group>"; };
		FA07DE59277F88C9008AB0EA /* HealthStoreProvider+Testing.swift */ = {isa = PBXFileReference; lastKnownFileType = sourcecode.swift; path = "HealthStoreProvider+Testing.swift"; sourceTree = "<group>"; };
		FA2A0D8927778015006BDA49 /* Symptoms.app */ = {isa = PBXFileReference; explicitFileType = wrapper.application; includeInIndex = 0; path = Symptoms.app; sourceTree = BUILT_PRODUCTS_DIR; };
		FA2A0D8D27778015006BDA49 /* Symptoms WatchKit App.app */ = {isa = PBXFileReference; explicitFileType = wrapper.application; includeInIndex = 0; path = "Symptoms WatchKit App.app"; sourceTree = BUILT_PRODUCTS_DIR; };
		FA2A0D9227778016006BDA49 /* Assets.xcassets */ = {isa = PBXFileReference; lastKnownFileType = folder.assetcatalog; path = Assets.xcassets; sourceTree = "<group>"; };
		FA2A0D9827778016006BDA49 /* Symptoms WatchKit Extension.appex */ = {isa = PBXFileReference; explicitFileType = "wrapper.app-extension"; includeInIndex = 0; path = "Symptoms WatchKit Extension.appex"; sourceTree = BUILT_PRODUCTS_DIR; };
		FA2A0D9D27778016006BDA49 /* ContentView.swift */ = {isa = PBXFileReference; lastKnownFileType = sourcecode.swift; path = ContentView.swift; sourceTree = "<group>"; };
		FA2A0D9F27778016006BDA49 /* SymptomsApp.swift */ = {isa = PBXFileReference; lastKnownFileType = sourcecode.swift; path = SymptomsApp.swift; sourceTree = "<group>"; };
		FA2A0DA327778016006BDA49 /* Assets.xcassets */ = {isa = PBXFileReference; lastKnownFileType = folder.assetcatalog; path = Assets.xcassets; sourceTree = "<group>"; };
		FA2A0DA627778016006BDA49 /* Preview Assets.xcassets */ = {isa = PBXFileReference; lastKnownFileType = folder.assetcatalog; path = "Preview Assets.xcassets"; sourceTree = "<group>"; };
		FA2A0DA827778016006BDA49 /* Info.plist */ = {isa = PBXFileReference; lastKnownFileType = text.plist.xml; path = Info.plist; sourceTree = "<group>"; };
		FA2A0DB62777B04C006BDA49 /* Symptoms.entitlements */ = {isa = PBXFileReference; lastKnownFileType = text.plist.entitlements; path = Symptoms.entitlements; sourceTree = "<group>"; };
		FA2A0DB82777B04C006BDA49 /* HealthKit.framework */ = {isa = PBXFileReference; lastKnownFileType = wrapper.framework; name = HealthKit.framework; path = Platforms/WatchOS.platform/Developer/SDKs/WatchOS8.3.sdk/System/Library/Frameworks/HealthKit.framework; sourceTree = DEVELOPER_DIR; };
		FA2A0DBA2777BB86006BDA49 /* CategoryPair.swift */ = {isa = PBXFileReference; lastKnownFileType = sourcecode.swift; path = CategoryPair.swift; sourceTree = "<group>"; };
		FA2A0DD12777F2EC006BDA49 /* HKCategoryType+Localization.swift */ = {isa = PBXFileReference; lastKnownFileType = sourcecode.swift; path = "HKCategoryType+Localization.swift"; sourceTree = "<group>"; };
		FA2A0DD32777F3A7006BDA49 /* HKCategoryValues+Localization.swift */ = {isa = PBXFileReference; lastKnownFileType = sourcecode.swift; path = "HKCategoryValues+Localization.swift"; sourceTree = "<group>"; };
		FA2A0DD52778E1F5006BDA49 /* HealthService.swift */ = {isa = PBXFileReference; lastKnownFileType = sourcecode.swift; path = HealthService.swift; sourceTree = "<group>"; };
		FA2A0DD82778E3F5006BDA49 /* CategoryEntry.swift */ = {isa = PBXFileReference; lastKnownFileType = sourcecode.swift; path = CategoryEntry.swift; sourceTree = "<group>"; };
		FA2A0DDE277A9F80006BDA49 /* SymptomsIcon.app */ = {isa = PBXFileReference; explicitFileType = wrapper.application; includeInIndex = 0; path = SymptomsIcon.app; sourceTree = BUILT_PRODUCTS_DIR; };
		FA2A0DE0277A9F80006BDA49 /* AppDelegate.swift */ = {isa = PBXFileReference; lastKnownFileType = sourcecode.swift; path = AppDelegate.swift; sourceTree = "<group>"; };
		FA2A0DE4277A9F80006BDA49 /* ViewController.swift */ = {isa = PBXFileReference; lastKnownFileType = sourcecode.swift; path = ViewController.swift; sourceTree = "<group>"; };
		FA2A0DE7277A9F80006BDA49 /* Base */ = {isa = PBXFileReference; lastKnownFileType = file.storyboard; name = Base; path = Base.lproj/Main.storyboard; sourceTree = "<group>"; };
		FA2A0DE9277A9F81006BDA49 /* Assets.xcassets */ = {isa = PBXFileReference; lastKnownFileType = folder.assetcatalog; path = Assets.xcassets; sourceTree = "<group>"; };
		FA2A0DEC277A9F81006BDA49 /* Base */ = {isa = PBXFileReference; lastKnownFileType = file.storyboard; name = Base; path = Base.lproj/LaunchScreen.storyboard; sourceTree = "<group>"; };
		FA2A0DEE277A9F81006BDA49 /* Info.plist */ = {isa = PBXFileReference; lastKnownFileType = text.plist.xml; path = Info.plist; sourceTree = "<group>"; };
/* End PBXFileReference section */

/* Begin PBXFrameworksBuildPhase section */
		FA2A0D9527778016006BDA49 /* Frameworks */ = {
			isa = PBXFrameworksBuildPhase;
			buildActionMask = 2147483647;
			files = (
				FA2A0DB92777B04C006BDA49 /* HealthKit.framework in Frameworks */,
			);
			runOnlyForDeploymentPostprocessing = 0;
		};
		FA2A0DDB277A9F80006BDA49 /* Frameworks */ = {
			isa = PBXFrameworksBuildPhase;
			buildActionMask = 2147483647;
			files = (
			);
			runOnlyForDeploymentPostprocessing = 0;
		};
/* End PBXFrameworksBuildPhase section */

/* Begin PBXGroup section */
		FA2A0D8227778015006BDA49 = {
			isa = PBXGroup;
			children = (
				FA2A0D9127778015006BDA49 /* Symptoms WatchKit App */,
				FA2A0D9C27778016006BDA49 /* Symptoms WatchKit Extension */,
				FA2A0DDF277A9F80006BDA49 /* SymptomsIcon */,
				FA2A0D8A27778015006BDA49 /* Products */,
				FA2A0DB72777B04C006BDA49 /* Frameworks */,
			);
			sourceTree = "<group>";
		};
		FA2A0D8A27778015006BDA49 /* Products */ = {
			isa = PBXGroup;
			children = (
				FA2A0D8927778015006BDA49 /* Symptoms.app */,
				FA2A0D8D27778015006BDA49 /* Symptoms WatchKit App.app */,
				FA2A0D9827778016006BDA49 /* Symptoms WatchKit Extension.appex */,
				FA2A0DDE277A9F80006BDA49 /* SymptomsIcon.app */,
			);
			name = Products;
			sourceTree = "<group>";
		};
		FA2A0D9127778015006BDA49 /* Symptoms WatchKit App */ = {
			isa = PBXGroup;
			children = (
				FA2A0D9227778016006BDA49 /* Assets.xcassets */,
			);
			path = "Symptoms WatchKit App";
			sourceTree = "<group>";
		};
		FA2A0D9C27778016006BDA49 /* Symptoms WatchKit Extension */ = {
			isa = PBXGroup;
			children = (
				FA2A0D9F27778016006BDA49 /* SymptomsApp.swift */,
				FA2A0DBC2777BB93006BDA49 /* Views */,
				FA2A0DBD2777BB99006BDA49 /* Models */,
				FA2A0DD72778E1FF006BDA49 /* Services */,
				FA2A0DA327778016006BDA49 /* Assets.xcassets */,
				FA2A0DB62777B04C006BDA49 /* Symptoms.entitlements */,
				FA2A0DA827778016006BDA49 /* Info.plist */,
				FA2A0DA527778016006BDA49 /* Preview Content */,
			);
			path = "Symptoms WatchKit Extension";
			sourceTree = "<group>";
		};
		FA2A0DA527778016006BDA49 /* Preview Content */ = {
			isa = PBXGroup;
			children = (
				FA2A0DA627778016006BDA49 /* Preview Assets.xcassets */,
			);
			path = "Preview Content";
			sourceTree = "<group>";
		};
		FA2A0DB72777B04C006BDA49 /* Frameworks */ = {
			isa = PBXGroup;
			children = (
				FA2A0DB82777B04C006BDA49 /* HealthKit.framework */,
			);
			name = Frameworks;
			sourceTree = "<group>";
		};
		FA2A0DBC2777BB93006BDA49 /* Views */ = {
			isa = PBXGroup;
			children = (
				FA2A0D9D27778016006BDA49 /* ContentView.swift */,
				FA2A0DD82778E3F5006BDA49 /* CategoryEntry.swift */,
			);
			path = Views;
			sourceTree = "<group>";
		};
		FA2A0DBD2777BB99006BDA49 /* Models */ = {
			isa = PBXGroup;
			children = (
				FA2A0DBA2777BB86006BDA49 /* CategoryPair.swift */,
				FA2A0DD12777F2EC006BDA49 /* HKCategoryType+Localization.swift */,
				FA2A0DD32777F3A7006BDA49 /* HKCategoryValues+Localization.swift */,
			);
			path = Models;
			sourceTree = "<group>";
		};
		FA2A0DD72778E1FF006BDA49 /* Services */ = {
			isa = PBXGroup;
			children = (
				FA2A0DD52778E1F5006BDA49 /* HealthService.swift */,
				FA07DE57277F8811008AB0EA /* HealthStoreProvider.swift */,
				FA07DE59277F88C9008AB0EA /* HealthStoreProvider+Testing.swift */,
			);
			path = Services;
			sourceTree = "<group>";
		};
		FA2A0DDF277A9F80006BDA49 /* SymptomsIcon */ = {
			isa = PBXGroup;
			children = (
				FA2A0DE0277A9F80006BDA49 /* AppDelegate.swift */,
				FA2A0DE4277A9F80006BDA49 /* ViewController.swift */,
				FA2A0DE6277A9F80006BDA49 /* Main.storyboard */,
				FA2A0DE9277A9F81006BDA49 /* Assets.xcassets */,
				FA2A0DEB277A9F81006BDA49 /* LaunchScreen.storyboard */,
				FA2A0DEE277A9F81006BDA49 /* Info.plist */,
			);
			path = SymptomsIcon;
			sourceTree = "<group>";
		};
/* End PBXGroup section */

/* Begin PBXNativeTarget section */
		FA2A0D8827778015006BDA49 /* Symptoms */ = {
			isa = PBXNativeTarget;
			buildConfigurationList = FA2A0DB327778016006BDA49 /* Build configuration list for PBXNativeTarget "Symptoms" */;
			buildPhases = (
				FA2A0D8727778015006BDA49 /* Resources */,
				FA2A0DB227778016006BDA49 /* Embed Watch Content */,
			);
			buildRules = (
			);
			dependencies = (
				FA2A0D9027778015006BDA49 /* PBXTargetDependency */,
			);
			name = Symptoms;
			productName = Symptoms;
			productReference = FA2A0D8927778015006BDA49 /* Symptoms.app */;
			productType = "com.apple.product-type.application.watchapp2-container";
		};
		FA2A0D8C27778015006BDA49 /* Symptoms WatchKit App */ = {
			isa = PBXNativeTarget;
			buildConfigurationList = FA2A0DAF27778016006BDA49 /* Build configuration list for PBXNativeTarget "Symptoms WatchKit App" */;
			buildPhases = (
				FA2A0D8B27778015006BDA49 /* Resources */,
				FA2A0DAE27778016006BDA49 /* Embed App Extensions */,
			);
			buildRules = (
			);
			dependencies = (
				FA2A0D9B27778016006BDA49 /* PBXTargetDependency */,
			);
			name = "Symptoms WatchKit App";
			productName = "Symptoms WatchKit App";
			productReference = FA2A0D8D27778015006BDA49 /* Symptoms WatchKit App.app */;
			productType = "com.apple.product-type.application.watchapp2";
		};
		FA2A0D9727778016006BDA49 /* Symptoms WatchKit Extension */ = {
			isa = PBXNativeTarget;
			buildConfigurationList = FA2A0DAB27778016006BDA49 /* Build configuration list for PBXNativeTarget "Symptoms WatchKit Extension" */;
			buildPhases = (
				FA2A0D9427778016006BDA49 /* Sources */,
				FA2A0D9527778016006BDA49 /* Frameworks */,
				FA2A0D9627778016006BDA49 /* Resources */,
			);
			buildRules = (
			);
			dependencies = (
			);
			name = "Symptoms WatchKit Extension";
			productName = "Symptoms WatchKit Extension";
			productReference = FA2A0D9827778016006BDA49 /* Symptoms WatchKit Extension.appex */;
			productType = "com.apple.product-type.watchkit2-extension";
		};
		FA2A0DDD277A9F80006BDA49 /* SymptomsIcon */ = {
			isa = PBXNativeTarget;
			buildConfigurationList = FA2A0DEF277A9F81006BDA49 /* Build configuration list for PBXNativeTarget "SymptomsIcon" */;
			buildPhases = (
				FA2A0DDA277A9F80006BDA49 /* Sources */,
				FA2A0DDB277A9F80006BDA49 /* Frameworks */,
				FA2A0DDC277A9F80006BDA49 /* Resources */,
			);
			buildRules = (
			);
			dependencies = (
			);
			name = SymptomsIcon;
			productName = SymptomsIcon;
			productReference = FA2A0DDE277A9F80006BDA49 /* SymptomsIcon.app */;
			productType = "com.apple.product-type.application";
		};
/* End PBXNativeTarget section */

/* Begin PBXProject section */
		FA2A0D8327778015006BDA49 /* Project object */ = {
			isa = PBXProject;
			attributes = {
				BuildIndependentTargetsInParallel = 1;
				LastSwiftUpdateCheck = 1320;
				LastUpgradeCheck = 1320;
				TargetAttributes = {
					FA2A0D8827778015006BDA49 = {
						CreatedOnToolsVersion = 13.2;
					};
					FA2A0D8C27778015006BDA49 = {
						CreatedOnToolsVersion = 13.2;
					};
					FA2A0D9727778016006BDA49 = {
						CreatedOnToolsVersion = 13.2;
					};
					FA2A0DDD277A9F80006BDA49 = {
						CreatedOnToolsVersion = 13.2;
					};
				};
			};
			buildConfigurationList = FA2A0D8627778015006BDA49 /* Build configuration list for PBXProject "Symptoms" */;
			compatibilityVersion = "Xcode 13.0";
			developmentRegion = en;
			hasScannedForEncodings = 0;
			knownRegions = (
				en,
				Base,
			);
			mainGroup = FA2A0D8227778015006BDA49;
			productRefGroup = FA2A0D8A27778015006BDA49 /* Products */;
			projectDirPath = "";
			projectRoot = "";
			targets = (
				FA2A0D8827778015006BDA49 /* Symptoms */,
				FA2A0D8C27778015006BDA49 /* Symptoms WatchKit App */,
				FA2A0D9727778016006BDA49 /* Symptoms WatchKit Extension */,
				FA2A0DDD277A9F80006BDA49 /* SymptomsIcon */,
			);
		};
/* End PBXProject section */

/* Begin PBXResourcesBuildPhase section */
		FA2A0D8727778015006BDA49 /* Resources */ = {
			isa = PBXResourcesBuildPhase;
			buildActionMask = 2147483647;
			files = (
			);
			runOnlyForDeploymentPostprocessing = 0;
		};
		FA2A0D8B27778015006BDA49 /* Resources */ = {
			isa = PBXResourcesBuildPhase;
			buildActionMask = 2147483647;
			files = (
				FA2A0D9327778016006BDA49 /* Assets.xcassets in Resources */,
			);
			runOnlyForDeploymentPostprocessing = 0;
		};
		FA2A0D9627778016006BDA49 /* Resources */ = {
			isa = PBXResourcesBuildPhase;
			buildActionMask = 2147483647;
			files = (
				FA2A0DA727778016006BDA49 /* Preview Assets.xcassets in Resources */,
				FA2A0DA427778016006BDA49 /* Assets.xcassets in Resources */,
			);
			runOnlyForDeploymentPostprocessing = 0;
		};
		FA2A0DDC277A9F80006BDA49 /* Resources */ = {
			isa = PBXResourcesBuildPhase;
			buildActionMask = 2147483647;
			files = (
				FA2A0DED277A9F81006BDA49 /* LaunchScreen.storyboard in Resources */,
				FA2A0DEA277A9F81006BDA49 /* Assets.xcassets in Resources */,
				FA2A0DE8277A9F80006BDA49 /* Main.storyboard in Resources */,
			);
			runOnlyForDeploymentPostprocessing = 0;
		};
/* End PBXResourcesBuildPhase section */

/* Begin PBXSourcesBuildPhase section */
		FA2A0D9427778016006BDA49 /* Sources */ = {
			isa = PBXSourcesBuildPhase;
			buildActionMask = 2147483647;
			files = (
				FA2A0DD42777F3A7006BDA49 /* HKCategoryValues+Localization.swift in Sources */,
				FA2A0D9E27778016006BDA49 /* ContentView.swift in Sources */,
				FA07DE5A277F88C9008AB0EA /* HealthStoreProvider+Testing.swift in Sources */,
				FA2A0DBB2777BB86006BDA49 /* CategoryPair.swift in Sources */,
				FA07DE58277F8811008AB0EA /* HealthStoreProvider.swift in Sources */,
				FA2A0DA027778016006BDA49 /* SymptomsApp.swift in Sources */,
				FA2A0DD62778E1F5006BDA49 /* HealthService.swift in Sources */,
				FA2A0DD92778E3F5006BDA49 /* CategoryEntry.swift in Sources */,
				FA2A0DD22777F2EC006BDA49 /* HKCategoryType+Localization.swift in Sources */,
			);
			runOnlyForDeploymentPostprocessing = 0;
		};
		FA2A0DDA277A9F80006BDA49 /* Sources */ = {
			isa = PBXSourcesBuildPhase;
			buildActionMask = 2147483647;
			files = (
				FA2A0DE5277A9F80006BDA49 /* ViewController.swift in Sources */,
				FA2A0DE1277A9F80006BDA49 /* AppDelegate.swift in Sources */,
			);
			runOnlyForDeploymentPostprocessing = 0;
		};
/* End PBXSourcesBuildPhase section */

/* Begin PBXTargetDependency section */
		FA2A0D9027778015006BDA49 /* PBXTargetDependency */ = {
			isa = PBXTargetDependency;
			target = FA2A0D8C27778015006BDA49 /* Symptoms WatchKit App */;
			targetProxy = FA2A0D8F27778015006BDA49 /* PBXContainerItemProxy */;
		};
		FA2A0D9B27778016006BDA49 /* PBXTargetDependency */ = {
			isa = PBXTargetDependency;
			target = FA2A0D9727778016006BDA49 /* Symptoms WatchKit Extension */;
			targetProxy = FA2A0D9A27778016006BDA49 /* PBXContainerItemProxy */;
		};
/* End PBXTargetDependency section */

/* Begin PBXVariantGroup section */
		FA2A0DE6277A9F80006BDA49 /* Main.storyboard */ = {
			isa = PBXVariantGroup;
			children = (
				FA2A0DE7277A9F80006BDA49 /* Base */,
			);
			name = Main.storyboard;
			sourceTree = "<group>";
		};
		FA2A0DEB277A9F81006BDA49 /* LaunchScreen.storyboard */ = {
			isa = PBXVariantGroup;
			children = (
				FA2A0DEC277A9F81006BDA49 /* Base */,
			);
			name = LaunchScreen.storyboard;
			sourceTree = "<group>";
		};
/* End PBXVariantGroup section */

/* Begin XCBuildConfiguration section */
		FA2A0DA927778016006BDA49 /* Debug */ = {
			isa = XCBuildConfiguration;
			buildSettings = {
				ALWAYS_SEARCH_USER_PATHS = NO;
				CLANG_ANALYZER_NONNULL = YES;
				CLANG_ANALYZER_NUMBER_OBJECT_CONVERSION = YES_AGGRESSIVE;
				CLANG_CXX_LANGUAGE_STANDARD = "gnu++17";
				CLANG_CXX_LIBRARY = "libc++";
				CLANG_ENABLE_MODULES = YES;
				CLANG_ENABLE_OBJC_ARC = YES;
				CLANG_ENABLE_OBJC_WEAK = YES;
				CLANG_WARN_BLOCK_CAPTURE_AUTORELEASING = YES;
				CLANG_WARN_BOOL_CONVERSION = YES;
				CLANG_WARN_COMMA = YES;
				CLANG_WARN_CONSTANT_CONVERSION = YES;
				CLANG_WARN_DEPRECATED_OBJC_IMPLEMENTATIONS = YES;
				CLANG_WARN_DIRECT_OBJC_ISA_USAGE = YES_ERROR;
				CLANG_WARN_DOCUMENTATION_COMMENTS = YES;
				CLANG_WARN_EMPTY_BODY = YES;
				CLANG_WARN_ENUM_CONVERSION = YES;
				CLANG_WARN_INFINITE_RECURSION = YES;
				CLANG_WARN_INT_CONVERSION = YES;
				CLANG_WARN_NON_LITERAL_NULL_CONVERSION = YES;
				CLANG_WARN_OBJC_IMPLICIT_RETAIN_SELF = YES;
				CLANG_WARN_OBJC_LITERAL_CONVERSION = YES;
				CLANG_WARN_OBJC_ROOT_CLASS = YES_ERROR;
				CLANG_WARN_QUOTED_INCLUDE_IN_FRAMEWORK_HEADER = YES;
				CLANG_WARN_RANGE_LOOP_ANALYSIS = YES;
				CLANG_WARN_STRICT_PROTOTYPES = YES;
				CLANG_WARN_SUSPICIOUS_MOVE = YES;
				CLANG_WARN_UNGUARDED_AVAILABILITY = YES_AGGRESSIVE;
				CLANG_WARN_UNREACHABLE_CODE = YES;
				CLANG_WARN__DUPLICATE_METHOD_MATCH = YES;
				COPY_PHASE_STRIP = NO;
				DEBUG_INFORMATION_FORMAT = dwarf;
				ENABLE_STRICT_OBJC_MSGSEND = YES;
				ENABLE_TESTABILITY = YES;
				GCC_C_LANGUAGE_STANDARD = gnu11;
				GCC_DYNAMIC_NO_PIC = NO;
				GCC_NO_COMMON_BLOCKS = YES;
				GCC_OPTIMIZATION_LEVEL = 0;
				GCC_PREPROCESSOR_DEFINITIONS = (
					"DEBUG=1",
					"$(inherited)",
				);
				GCC_WARN_64_TO_32_BIT_CONVERSION = YES;
				GCC_WARN_ABOUT_RETURN_TYPE = YES_ERROR;
				GCC_WARN_UNDECLARED_SELECTOR = YES;
				GCC_WARN_UNINITIALIZED_AUTOS = YES_AGGRESSIVE;
				GCC_WARN_UNUSED_FUNCTION = YES;
				GCC_WARN_UNUSED_VARIABLE = YES;
				MTL_ENABLE_DEBUG_INFO = INCLUDE_SOURCE;
				MTL_FAST_MATH = YES;
				ONLY_ACTIVE_ARCH = YES;
				SDKROOT = iphoneos;
				SWIFT_ACTIVE_COMPILATION_CONDITIONS = DEBUG;
				SWIFT_OPTIMIZATION_LEVEL = "-Onone";
			};
			name = Debug;
		};
		FA2A0DAA27778016006BDA49 /* Release */ = {
			isa = XCBuildConfiguration;
			buildSettings = {
				ALWAYS_SEARCH_USER_PATHS = NO;
				CLANG_ANALYZER_NONNULL = YES;
				CLANG_ANALYZER_NUMBER_OBJECT_CONVERSION = YES_AGGRESSIVE;
				CLANG_CXX_LANGUAGE_STANDARD = "gnu++17";
				CLANG_CXX_LIBRARY = "libc++";
				CLANG_ENABLE_MODULES = YES;
				CLANG_ENABLE_OBJC_ARC = YES;
				CLANG_ENABLE_OBJC_WEAK = YES;
				CLANG_WARN_BLOCK_CAPTURE_AUTORELEASING = YES;
				CLANG_WARN_BOOL_CONVERSION = YES;
				CLANG_WARN_COMMA = YES;
				CLANG_WARN_CONSTANT_CONVERSION = YES;
				CLANG_WARN_DEPRECATED_OBJC_IMPLEMENTATIONS = YES;
				CLANG_WARN_DIRECT_OBJC_ISA_USAGE = YES_ERROR;
				CLANG_WARN_DOCUMENTATION_COMMENTS = YES;
				CLANG_WARN_EMPTY_BODY = YES;
				CLANG_WARN_ENUM_CONVERSION = YES;
				CLANG_WARN_INFINITE_RECURSION = YES;
				CLANG_WARN_INT_CONVERSION = YES;
				CLANG_WARN_NON_LITERAL_NULL_CONVERSION = YES;
				CLANG_WARN_OBJC_IMPLICIT_RETAIN_SELF = YES;
				CLANG_WARN_OBJC_LITERAL_CONVERSION = YES;
				CLANG_WARN_OBJC_ROOT_CLASS = YES_ERROR;
				CLANG_WARN_QUOTED_INCLUDE_IN_FRAMEWORK_HEADER = YES;
				CLANG_WARN_RANGE_LOOP_ANALYSIS = YES;
				CLANG_WARN_STRICT_PROTOTYPES = YES;
				CLANG_WARN_SUSPICIOUS_MOVE = YES;
				CLANG_WARN_UNGUARDED_AVAILABILITY = YES_AGGRESSIVE;
				CLANG_WARN_UNREACHABLE_CODE = YES;
				CLANG_WARN__DUPLICATE_METHOD_MATCH = YES;
				COPY_PHASE_STRIP = NO;
				DEBUG_INFORMATION_FORMAT = "dwarf-with-dsym";
				ENABLE_NS_ASSERTIONS = NO;
				ENABLE_STRICT_OBJC_MSGSEND = YES;
				GCC_C_LANGUAGE_STANDARD = gnu11;
				GCC_NO_COMMON_BLOCKS = YES;
				GCC_WARN_64_TO_32_BIT_CONVERSION = YES;
				GCC_WARN_ABOUT_RETURN_TYPE = YES_ERROR;
				GCC_WARN_UNDECLARED_SELECTOR = YES;
				GCC_WARN_UNINITIALIZED_AUTOS = YES_AGGRESSIVE;
				GCC_WARN_UNUSED_FUNCTION = YES;
				GCC_WARN_UNUSED_VARIABLE = YES;
				MTL_ENABLE_DEBUG_INFO = NO;
				MTL_FAST_MATH = YES;
				SDKROOT = iphoneos;
				SWIFT_COMPILATION_MODE = wholemodule;
				SWIFT_OPTIMIZATION_LEVEL = "-O";
				VALIDATE_PRODUCT = YES;
			};
			name = Release;
		};
		FA2A0DAC27778016006BDA49 /* Debug */ = {
			isa = XCBuildConfiguration;
			buildSettings = {
				ASSETCATALOG_COMPILER_COMPLICATION_NAME = Complication;
				CODE_SIGN_ENTITLEMENTS = "Symptoms WatchKit Extension/Symptoms.entitlements";
				CODE_SIGN_STYLE = Automatic;
				CURRENT_PROJECT_VERSION = 1;
				DEVELOPMENT_ASSET_PATHS = "\"Symptoms WatchKit Extension/Preview Content\"";
				DEVELOPMENT_TEAM = 7P56K8K4MY;
				ENABLE_PREVIEWS = YES;
				GENERATE_INFOPLIST_FILE = YES;
				INFOPLIST_FILE = "Symptoms WatchKit Extension/Info.plist";
				INFOPLIST_KEY_CFBundleDisplayName = Symptoms;
				INFOPLIST_KEY_NSHealthUpdateUsageDescription = "Save Symptoms to HealthKit";
				INFOPLIST_KEY_NSHumanReadableCopyright = "";
				INFOPLIST_KEY_WKWatchOnly = YES;
				LD_RUNPATH_SEARCH_PATHS = (
					"$(inherited)",
					"@executable_path/Frameworks",
					"@executable_path/../../Frameworks",
				);
				MARKETING_VERSION = 1.0;
				PRODUCT_BUNDLE_IDENTIFIER = null.leptos.Symptoms.watchkitapp.watchkitextension;
				PRODUCT_NAME = "${TARGET_NAME}";
				SDKROOT = watchos;
				SKIP_INSTALL = YES;
				SWIFT_EMIT_LOC_STRINGS = YES;
				SWIFT_VERSION = 5.0;
				TARGETED_DEVICE_FAMILY = 4;
				WATCHOS_DEPLOYMENT_TARGET = 8.0;
			};
			name = Debug;
		};
		FA2A0DAD27778016006BDA49 /* Release */ = {
			isa = XCBuildConfiguration;
			buildSettings = {
				ASSETCATALOG_COMPILER_COMPLICATION_NAME = Complication;
				CODE_SIGN_ENTITLEMENTS = "Symptoms WatchKit Extension/Symptoms.entitlements";
				CODE_SIGN_STYLE = Automatic;
				CURRENT_PROJECT_VERSION = 1;
				DEVELOPMENT_ASSET_PATHS = "\"Symptoms WatchKit Extension/Preview Content\"";
				DEVELOPMENT_TEAM = 7P56K8K4MY;
				ENABLE_PREVIEWS = YES;
				GENERATE_INFOPLIST_FILE = YES;
				INFOPLIST_FILE = "Symptoms WatchKit Extension/Info.plist";
				INFOPLIST_KEY_CFBundleDisplayName = Symptoms;
				INFOPLIST_KEY_NSHealthUpdateUsageDescription = "Save Symptoms to HealthKit";
				INFOPLIST_KEY_NSHumanReadableCopyright = "";
				INFOPLIST_KEY_WKWatchOnly = YES;
				LD_RUNPATH_SEARCH_PATHS = (
					"$(inherited)",
					"@executable_path/Frameworks",
					"@executable_path/../../Frameworks",
				);
				MARKETING_VERSION = 1.0;
				PRODUCT_BUNDLE_IDENTIFIER = null.leptos.Symptoms.watchkitapp.watchkitextension;
				PRODUCT_NAME = "${TARGET_NAME}";
				SDKROOT = watchos;
				SKIP_INSTALL = YES;
				SWIFT_EMIT_LOC_STRINGS = YES;
				SWIFT_VERSION = 5.0;
				TARGETED_DEVICE_FAMILY = 4;
				WATCHOS_DEPLOYMENT_TARGET = 8.0;
			};
			name = Release;
		};
		FA2A0DB027778016006BDA49 /* Debug */ = {
			isa = XCBuildConfiguration;
			buildSettings = {
				ALWAYS_EMBED_SWIFT_STANDARD_LIBRARIES = YES;
				ASSETCATALOG_COMPILER_APPICON_NAME = AppIcon;
				ASSETCATALOG_COMPILER_GLOBAL_ACCENT_COLOR_NAME = AccentColor;
				CODE_SIGN_STYLE = Automatic;
				CURRENT_PROJECT_VERSION = 1;
				DEVELOPMENT_TEAM = 7P56K8K4MY;
				GENERATE_INFOPLIST_FILE = YES;
				IBSC_MODULE = Symptoms_WatchKit_Extension;
				INFOPLIST_KEY_CFBundleDisplayName = Symptoms;
				INFOPLIST_KEY_UISupportedInterfaceOrientations = "UIInterfaceOrientationPortrait UIInterfaceOrientationPortraitUpsideDown";
				MARKETING_VERSION = 1.0;
				PRODUCT_BUNDLE_IDENTIFIER = null.leptos.Symptoms.watchkitapp;
				PRODUCT_NAME = "$(TARGET_NAME)";
				SDKROOT = watchos;
				SKIP_INSTALL = YES;
				SWIFT_EMIT_LOC_STRINGS = YES;
				SWIFT_VERSION = 5.0;
				TARGETED_DEVICE_FAMILY = 4;
				WATCHOS_DEPLOYMENT_TARGET = 8.0;
			};
			name = Debug;
		};
		FA2A0DB127778016006BDA49 /* Release */ = {
			isa = XCBuildConfiguration;
			buildSettings = {
				ALWAYS_EMBED_SWIFT_STANDARD_LIBRARIES = YES;
				ASSETCATALOG_COMPILER_APPICON_NAME = AppIcon;
				ASSETCATALOG_COMPILER_GLOBAL_ACCENT_COLOR_NAME = AccentColor;
				CODE_SIGN_STYLE = Automatic;
				CURRENT_PROJECT_VERSION = 1;
				DEVELOPMENT_TEAM = 7P56K8K4MY;
				GENERATE_INFOPLIST_FILE = YES;
				IBSC_MODULE = Symptoms_WatchKit_Extension;
				INFOPLIST_KEY_CFBundleDisplayName = Symptoms;
				INFOPLIST_KEY_UISupportedInterfaceOrientations = "UIInterfaceOrientationPortrait UIInterfaceOrientationPortraitUpsideDown";
				MARKETING_VERSION = 1.0;
				PRODUCT_BUNDLE_IDENTIFIER = null.leptos.Symptoms.watchkitapp;
				PRODUCT_NAME = "$(TARGET_NAME)";
				SDKROOT = watchos;
				SKIP_INSTALL = YES;
				SWIFT_EMIT_LOC_STRINGS = YES;
				SWIFT_VERSION = 5.0;
				TARGETED_DEVICE_FAMILY = 4;
				WATCHOS_DEPLOYMENT_TARGET = 8.0;
			};
			name = Release;
		};
		FA2A0DB427778016006BDA49 /* Debug */ = {
			isa = XCBuildConfiguration;
			buildSettings = {
				CODE_SIGN_STYLE = Automatic;
				CURRENT_PROJECT_VERSION = 1;
				DEVELOPMENT_TEAM = 7P56K8K4MY;
				MARKETING_VERSION = 1.0;
				PRODUCT_BUNDLE_IDENTIFIER = null.leptos.Symptoms;
				PRODUCT_NAME = "$(TARGET_NAME)";
				SWIFT_VERSION = 5.0;
			};
			name = Debug;
		};
		FA2A0DB527778016006BDA49 /* Release */ = {
			isa = XCBuildConfiguration;
			buildSettings = {
				CODE_SIGN_STYLE = Automatic;
				CURRENT_PROJECT_VERSION = 1;
				DEVELOPMENT_TEAM = 7P56K8K4MY;
				MARKETING_VERSION = 1.0;
				PRODUCT_BUNDLE_IDENTIFIER = null.leptos.Symptoms;
				PRODUCT_NAME = "$(TARGET_NAME)";
				SWIFT_VERSION = 5.0;
			};
			name = Release;
		};
		FA2A0DF0277A9F81006BDA49 /* Debug */ = {
			isa = XCBuildConfiguration;
			buildSettings = {
				ASSETCATALOG_COMPILER_APPICON_NAME = AppIcon;
				ASSETCATALOG_COMPILER_GLOBAL_ACCENT_COLOR_NAME = AccentColor;
				"CODE_SIGN_IDENTITY[sdk=macosx*]" = "-";
				CODE_SIGN_STYLE = Automatic;
				CURRENT_PROJECT_VERSION = 1;
				GENERATE_INFOPLIST_FILE = YES;
				INFOPLIST_FILE = SymptomsIcon/Info.plist;
				INFOPLIST_KEY_LSApplicationCategoryType = "public.app-category.utilities";
				INFOPLIST_KEY_UIApplicationSupportsIndirectInputEvents = YES;
				INFOPLIST_KEY_UILaunchStoryboardName = LaunchScreen;
				INFOPLIST_KEY_UIMainStoryboardFile = Main;
				INFOPLIST_KEY_UISupportedInterfaceOrientations_iPad = "UIInterfaceOrientationPortrait UIInterfaceOrientationPortraitUpsideDown UIInterfaceOrientationLandscapeLeft UIInterfaceOrientationLandscapeRight";
				INFOPLIST_KEY_UISupportedInterfaceOrientations_iPhone = "UIInterfaceOrientationPortrait UIInterfaceOrientationLandscapeLeft UIInterfaceOrientationLandscapeRight";
				IPHONEOS_DEPLOYMENT_TARGET = 15.0;
				LD_RUNPATH_SEARCH_PATHS = (
					"$(inherited)",
					"@executable_path/Frameworks",
				);
				MARKETING_VERSION = 1.0;
				PRODUCT_BUNDLE_IDENTIFIER = null.leptos.SymptomsIcon;
				PRODUCT_NAME = "$(TARGET_NAME)";
				SUPPORTS_MACCATALYST = YES;
				SUPPORTS_MAC_DESIGNED_FOR_IPHONE_IPAD = NO;
				SWIFT_EMIT_LOC_STRINGS = YES;
				SWIFT_VERSION = 5.0;
				TARGETED_DEVICE_FAMILY = 6;
			};
			name = Debug;
		};
		FA2A0DF1277A9F81006BDA49 /* Release */ = {
			isa = XCBuildConfiguration;
			buildSettings = {
				ASSETCATALOG_COMPILER_APPICON_NAME = AppIcon;
				ASSETCATALOG_COMPILER_GLOBAL_ACCENT_COLOR_NAME = AccentColor;
				"CODE_SIGN_IDENTITY[sdk=macosx*]" = "-";
				CODE_SIGN_STYLE = Automatic;
				CURRENT_PROJECT_VERSION = 1;
				GENERATE_INFOPLIST_FILE = YES;
				INFOPLIST_FILE = SymptomsIcon/Info.plist;
				INFOPLIST_KEY_LSApplicationCategoryType = "public.app-category.utilities";
				INFOPLIST_KEY_UIApplicationSupportsIndirectInputEvents = YES;
				INFOPLIST_KEY_UILaunchStoryboardName = LaunchScreen;
				INFOPLIST_KEY_UIMainStoryboardFile = Main;
				INFOPLIST_KEY_UISupportedInterfaceOrientations_iPad = "UIInterfaceOrientationPortrait UIInterfaceOrientationPortraitUpsideDown UIInterfaceOrientationLandscapeLeft UIInterfaceOrientationLandscapeRight";
				INFOPLIST_KEY_UISupportedInterfaceOrientations_iPhone = "UIInterfaceOrientationPortrait UIInterfaceOrientationLandscapeLeft UIInterfaceOrientationLandscapeRight";
				IPHONEOS_DEPLOYMENT_TARGET = 15.0;
				LD_RUNPATH_SEARCH_PATHS = (
					"$(inherited)",
					"@executable_path/Frameworks",
				);
				MARKETING_VERSION = 1.0;
				PRODUCT_BUNDLE_IDENTIFIER = null.leptos.SymptomsIcon;
				PRODUCT_NAME = "$(TARGET_NAME)";
				SUPPORTS_MACCATALYST = YES;
				SUPPORTS_MAC_DESIGNED_FOR_IPHONE_IPAD = NO;
				SWIFT_EMIT_LOC_STRINGS = YES;
				SWIFT_VERSION = 5.0;
				TARGETED_DEVICE_FAMILY = 6;
			};
			name = Release;
		};
/* End XCBuildConfiguration section */

/* Begin XCConfigurationList section */
		FA2A0D8627778015006BDA49 /* Build configuration list for PBXProject "Symptoms" */ = {
			isa = XCConfigurationList;
			buildConfigurations = (
				FA2A0DA927778016006BDA49 /* Debug */,
				FA2A0DAA27778016006BDA49 /* Release */,
			);
			defaultConfigurationIsVisible = 0;
			defaultConfigurationName = Release;
		};
		FA2A0DAB27778016006BDA49 /* Build configuration list for PBXNativeTarget "Symptoms WatchKit Extension" */ = {
			isa = XCConfigurationList;
			buildConfigurations = (
				FA2A0DAC27778016006BDA49 /* Debug */,
				FA2A0DAD27778016006BDA49 /* Release */,
			);
			defaultConfigurationIsVisible = 0;
			defaultConfigurationName = Release;
		};
		FA2A0DAF27778016006BDA49 /* Build configuration list for PBXNativeTarget "Symptoms WatchKit App" */ = {
			isa = XCConfigurationList;
			buildConfigurations = (
				FA2A0DB027778016006BDA49 /* Debug */,
				FA2A0DB127778016006BDA49 /* Release */,
			);
			defaultConfigurationIsVisible = 0;
			defaultConfigurationName = Release;
		};
		FA2A0DB327778016006BDA49 /* Build configuration list for PBXNativeTarget "Symptoms" */ = {
			isa = XCConfigurationList;
			buildConfigurations = (
				FA2A0DB427778016006BDA49 /* Debug */,
				FA2A0DB527778016006BDA49 /* Release */,
			);
			defaultConfigurationIsVisible = 0;
			defaultConfigurationName = Release;
		};
		FA2A0DEF277A9F81006BDA49 /* Build configuration list for PBXNativeTarget "SymptomsIcon" */ = {
			isa = XCConfigurationList;
			buildConfigurations = (
				FA2A0DF0277A9F81006BDA49 /* Debug */,
				FA2A0DF1277A9F81006BDA49 /* Release */,
			);
			defaultConfigurationIsVisible = 0;
			defaultConfigurationName = Release;
		};
/* End XCConfigurationList section */
	};
	rootObject = FA2A0D8327778015006BDA49 /* Project object */;
}
